
Microsoft Visual Studio Solution File, Format Version 12.00
# Visual Studio 14
VisualStudioVersion = 14.0.25420.1
MinimumVisualStudioVersion = 10.0.40219.1
Project("{FAE04EC0-301F-11D3-BF4B-00C04F79EFBC}") = "CRUD", "CRUD\CRUD.csproj", "{F16C914C-D57F-4729-BA08-BC842E900C71}"
EndProject
Project("{FAE04EC0-301F-11D3-BF4B-00C04F79EFBC}") = "Entidades", "Entidades\Entidades.csproj", "{81BA9652-7F0B-4FD2-BAE6-17674AF4FCA6}"
EndProject
Project("{FAE04EC0-301F-11D3-BF4B-00C04F79EFBC}") = "Datos", "Datos\Datos.csproj", "{59BA8FCD-6631-41DB-90F6-3D5073A9B980}"
EndProject
Project("{FAE04EC0-301F-11D3-BF4B-00C04F79EFBC}") = "Negocio", "Negocio\Negocio.csproj", "{D6F6434D-2B81-4E15-B1C4-4B6D5D5B2E13}"
EndProject
Global
	GlobalSection(SolutionConfigurationPlatforms) = preSolution
		Debug|Any CPU = Debug|Any CPU
		Release|Any CPU = Release|Any CPU
	EndGlobalSection
	GlobalSection(ProjectConfigurationPlatforms) = postSolution
		{F16C914C-D57F-4729-BA08-BC842E900C71}.Debug|Any CPU.ActiveCfg = Debug|Any CPU
		{F16C914C-D57F-4729-BA08-BC842E900C71}.Debug|Any CPU.Build.0 = Debug|Any CPU
		{F16C914C-D57F-4729-BA08-BC842E900C71}.Release|Any CPU.ActiveCfg = Release|Any CPU
		{F16C914C-D57F-4729-BA08-BC842E900C71}.Release|Any CPU.Build.0 = Release|Any CPU
		{81BA9652-7F0B-4FD2-BAE6-17674AF4FCA6}.Debug|Any CPU.ActiveCfg = Debug|Any CPU
		{81BA9652-7F0B-4FD2-BAE6-17674AF4FCA6}.Debug|Any CPU.Build.0 = Debug|Any CPU
		{81BA9652-7F0B-4FD2-BAE6-17674AF4FCA6}.Release|Any CPU.ActiveCfg = Release|Any CPU
		{81BA9652-7F0B-4FD2-BAE6-17674AF4FCA6}.Release|Any CPU.Build.0 = Release|Any CPU
		{59BA8FCD-6631-41DB-90F6-3D5073A9B980}.Debug|Any CPU.ActiveCfg = Debug|Any CPU
		{59BA8FCD-6631-41DB-90F6-3D5073A9B980}.Debug|Any CPU.Build.0 = Debug|Any CPU
		{59BA8FCD-6631-41DB-90F6-3D5073A9B980}.Release|Any CPU.ActiveCfg = Release|Any CPU
		{59BA8FCD-6631-41DB-90F6-3D5073A9B980}.Release|Any CPU.Build.0 = Release|Any CPU
		{D6F6434D-2B81-4E15-B1C4-4B6D5D5B2E13}.Debug|Any CPU.ActiveCfg = Debug|Any CPU
		{D6F6434D-2B81-4E15-B1C4-4B6D5D5B2E13}.Debug|Any CPU.Build.0 = Debug|Any CPU
		{D6F6434D-2B81-4E15-B1C4-4B6D5D5B2E13}.Release|Any CPU.ActiveCfg = Release|Any CPU
		{D6F6434D-2B81-4E15-B1C4-4B6D5D5B2E13}.Release|Any CPU.Build.0 = Release|Any CPU
	EndGlobalSection
	GlobalSection(SolutionProperties) = preSolution
		HideSolutionNode = FALSE
	EndGlobalSection
EndGlobal
